
Microsoft Visual Studio Solution File, Format Version 12.00
# Visual Studio Version 17
VisualStudioVersion = 17.9.34728.123
MinimumVisualStudioVersion = 10.0.40219.1
Project("{FAE04EC0-301F-11D3-BF4B-00C04F79EFBC}") = "cantaritosA", "cantaritosA\cantaritosA.csproj", "{CB6E9CCB-8292-4DBD-B208-7B268C6D5BF0}"
EndProject
Global
	GlobalSection(SolutionConfigurationPlatforms) = preSolution
		Debug|Any CPU = Debug|Any CPU
		Release|Any CPU = Release|Any CPU
	EndGlobalSection
	GlobalSection(ProjectConfigurationPlatforms) = postSolution
		{CB6E9CCB-8292-4DBD-B208-7B268C6D5BF0}.Debug|Any CPU.ActiveCfg = Debug|Any CPU
		{CB6E9CCB-8292-4DBD-B208-7B268C6D5BF0}.Debug|Any CPU.Build.0 = Debug|Any CPU
		{CB6E9CCB-8292-4DBD-B208-7B268C6D5BF0}.Debug|Any CPU.Deploy.0 = Debug|Any CPU
		{CB6E9CCB-8292-4DBD-B208-7B268C6D5BF0}.Release|Any CPU.ActiveCfg = Release|Any CPU
		{CB6E9CCB-8292-4DBD-B208-7B268C6D5BF0}.Release|Any CPU.Build.0 = Release|Any CPU
		{CB6E9CCB-8292-4DBD-B208-7B268C6D5BF0}.Release|Any CPU.Deploy.0 = Release|Any CPU
	EndGlobalSection
	GlobalSection(SolutionProperties) = preSolution
		HideSolutionNode = FALSE
	EndGlobalSection
	GlobalSection(ExtensibilityGlobals) = postSolution
		SolutionGuid = {6E318903-1E1F-4DDB-BE4F-5A07148F6673}
	EndGlobalSection
EndGlobal
